{
  "name": "FabAdventureGame",
  "lockfileVersion": 3,
  "requires": true,
  "packages": {
    "": {
      "dependencies": {
        "fab-cards": "^8.0.147"
      }
    },
    "node_modules/fab-cards": {
      "version": "8.0.147",
      "resolved": "https://registry.npmjs.org/fab-cards/-/fab-cards-8.0.147.tgz",
      "integrity": "sha512-Isi0eheMEzmA6LscmeBGjfU/TztqLt8uorKcn0I1OmjmJanPxOFM0BprHeIxr5B0uG9QOpAkV9Bk9xTOs2aJxw=="
    }
  }
}
